github.com/chzyer/logex v1.2.1 h1:XHDu3E6q+gdHgsdTPH6ImJMIp436vR6MPtH8gP05QzM=
github.com/chzyer/logex v1.2.1/go.mod h1:JLbx6lG2kDbNRFnfkgvh4eRJRPX1QCoOIWomwysCBrQ=
github.com/chzyer/readline v1.5.1 h1:upd/6fQk4src78LMRzh5vItIt361/o4uq553V8B5sGI=
github.com/chzyer/readline v1.5.1/go.mod h1:Eh+b79XXUwfKfcPLepksvw2tcLE/Ct21YObkaSkeBlk=
github.com/chzyer/test v1.0.0 h1:p3BQDXSxOhOG0P9z6/hGnII4LGiEPOYBhs8asl/fC04=
github.com/chzyer/test v1.0.0/go.mod h1:2JlltgoNkt4TW/z9V/IzDdFaMTM2JPIi26O1pF38GC8=
github.com/creachadair/mds v0.21.3 h1:RRgEAPIb52cU0q7UxGyN+13QlCVTZIL4slRr0cYYQfA=
github.com/creachadair/mds v0.21.3/go.mod h1:1ltMWZd9yXhaHEoZwBialMaviWVUpRPvMwVP7saFAzM=
github.com/creachadair/otp v0.5.0 h1:q3Th7CXm2zlmCdBjw5tEPFOj4oWJMnVL5HXlq0sNKS0=
github.com/creachadair/otp v0.5.0/go.mod h1:0kceI87EnYFNYSTL121goJVAnk3eJhaed9H0nMuJUkA=
github.com/creachadair/wirepb v0.0.0-20241211162510-f7f2e8a40ddc h1:eEmY60ZlUMsvNX1AiVR6WdVY5b+WhAATf3opftu6LP0=
github.com/creachadair/wirepb v0.0.0-20241211162510-f7f2e8a40ddc/go.mod h1:dHvCVZSsk3Y/fhY0mUex0U2XBZszomOe7PzlghOtHnQ=
github.com/google/go-cmp v0.6.0 h1:ofyhxvXcZhMsU5ulbFiLKl/XBFqE1GSq7atu8tAmTRI=
github.com/google/go-cmp v0.6.0/go.mod h1:17dUlkBOakJ0+DkrSSNjCkIjxS6bF9zb3elmeNGIjoY=
github.com/jeffallen/opvault v1.0.0 h1:C1Ami4gMseQjkKVIe6VLChIk72x2hSzNKGmK6Q2Xec0=
github.com/jeffallen/opvault v1.0.0/go.mod h1:mpLPLZjcu9xFiEpJcMYWaWgseT0/aYn6THWOdUYF3Ww=
github.com/pcarrier/gauth v1.5.0 h1:R72xFlcblnYwWfzIlu8YyHgRQeVdW6G4Fx+2REvGpaQ=
github.com/pcarrier/gauth v1.5.0/go.mod h1:nBb8kSMM71RFjMQLLr6i/bcZIgwS7fVUP1hGbRya9Rk=
golang.org/x/crypto v0.0.0-20190308221718-c2843e01d9a2/go.mod h1:djNgcEr1/C05ACkg1iLfiJU5Ep61QUkGW8qpdssI0+w=
golang.org/x/crypto v0.0.0-20200622213623-75b288015ac9/go.mod h1:LzIPMQfyMNhhGPhUkYOs5KpL4U8rLKemX1yGLhDgUto=
golang.org/x/crypto v0.38.0 h1:jt+WWG8IZlBnVbomuhg2Mdq0+BBQaHbtqHEFEigjUV8=
golang.org/x/crypto v0.38.0/go.mod h1:MvrbAqul58NNYPKnOra203SB9vpuZW0e+RRZV+Ggqjw=
golang.org/x/net v0.0.0-20190404232315-eb5bcb51f2a3/go.mod h1:t9HGtf8HONx5eT2rtn7q6eTqICYqUVnKs3thJo3Qplg=
golang.org/x/sys v0.0.0-20190215142949-d0b11bdaac8a/go.mod h1:STP8DvDyc/dI5b8T5hshtkjS+E42TnysNCUPdjciGhY=
golang.org/x/sys v0.0.0-20190412213103-97732733099d/go.mod h1:h1NjWce9XRLGQEsW7wpKNCjG9DtNlClVuFLEZdDNbEs=
golang.org/x/sys v0.0.0-20220310020820-b874c991c1a5/go.mod h1:oPkhp1MJrh7nUepCBck5+mAzfO9JrbApNNgaTdGDITg=
golang.org/x/sys v0.33.0 h1:q3i8TbbEz+JRD9ywIRlyRAQbM0qF7hu24q3teo2hbuw=
golang.org/x/sys v0.33.0/go.mod h1:BJP2sWEmIv4KK5OTEluFJCKSidICx8ciO85XgH3Ak8k=
golang.org/x/text v0.3.0/go.mod h1:NqM8EUOU14njkJ3fqMW+pc6Ldnwhi/IjpwHt7yyuwOQ=
