# This file is autogenerated, do not edit; changes may be undone by the next 'dep ensure'.


[[projects]]
  branch = "master"
  name = "github.com/miquella/opvault"
  packages = ["."]
  revision = "a50ce0e99faecc0e65f1848f85b79826701eeead"

[[projects]]
  branch = "master"
  name = "golang.org/x/crypto"
  packages = ["pbkdf2","ssh/terminal"]
  revision = "81e90905daefcd6fd217b62423c0908922eadb30"

[[projects]]
  branch = "master"
  name = "golang.org/x/sys"
  packages = ["unix","windows"]
  revision = "a07a691ac871746ae690ccf3ab217363b2144531"

[solve-meta]
  analyzer-name = "dep"
  analyzer-version = 1
  inputs-digest = "fb19d7eebbd5279e47420423b16ab28cc13c60bddde9b37ca49f364405b91aca"
  solver-name = "gps-cdcl"
  solver-version = 1
